
Microsoft Visual Studio Solution File, Format Version 12.00
# Visual Studio 15
VisualStudioVersion = 15.0.28307.539
MinimumVisualStudioVersion = 10.0.40219.1
Project("{FAE04EC0-301F-11D3-BF4B-00C04F79EFBC}") = "Tests_01_Cup", "Tests_01\Tests_01_Cup.csproj", "{E0799D1C-131F-4BDA-AADF-4203F61F2C9F}"
EndProject
Project("{FAE04EC0-301F-11D3-BF4B-00C04F79EFBC}") = "PrimeTest", "PrimeTest\PrimeTest.csproj", "{2B5F4E82-465A-4A53-9243-15CA3A09D51F}"
EndProject
Project("{FAE04EC0-301F-11D3-BF4B-00C04F79EFBC}") = "Tests_03_Cup2", "Tests_03_Cup2\Tests_03_Cup2.csproj", "{3C131E54-CC3C-4E9D-BF04-8E3DBBAA7DF8}"
EndProject
Global
	GlobalSection(SolutionConfigurationPlatforms) = preSolution
		Debug|Any CPU = Debug|Any CPU
		Release|Any CPU = Release|Any CPU
	EndGlobalSection
	GlobalSection(ProjectConfigurationPlatforms) = postSolution
		{E0799D1C-131F-4BDA-AADF-4203F61F2C9F}.Debug|Any CPU.ActiveCfg = Debug|Any CPU
		{E0799D1C-131F-4BDA-AADF-4203F61F2C9F}.Debug|Any CPU.Build.0 = Debug|Any CPU
		{E0799D1C-131F-4BDA-AADF-4203F61F2C9F}.Release|Any CPU.ActiveCfg = Release|Any CPU
		{E0799D1C-131F-4BDA-AADF-4203F61F2C9F}.Release|Any CPU.Build.0 = Release|Any CPU
		{2B5F4E82-465A-4A53-9243-15CA3A09D51F}.Debug|Any CPU.ActiveCfg = Debug|Any CPU
		{2B5F4E82-465A-4A53-9243-15CA3A09D51F}.Debug|Any CPU.Build.0 = Debug|Any CPU
		{2B5F4E82-465A-4A53-9243-15CA3A09D51F}.Release|Any CPU.ActiveCfg = Release|Any CPU
		{2B5F4E82-465A-4A53-9243-15CA3A09D51F}.Release|Any CPU.Build.0 = Release|Any CPU
		{3C131E54-CC3C-4E9D-BF04-8E3DBBAA7DF8}.Debug|Any CPU.ActiveCfg = Debug|Any CPU
		{3C131E54-CC3C-4E9D-BF04-8E3DBBAA7DF8}.Debug|Any CPU.Build.0 = Debug|Any CPU
		{3C131E54-CC3C-4E9D-BF04-8E3DBBAA7DF8}.Release|Any CPU.ActiveCfg = Release|Any CPU
		{3C131E54-CC3C-4E9D-BF04-8E3DBBAA7DF8}.Release|Any CPU.Build.0 = Release|Any CPU
	EndGlobalSection
	GlobalSection(SolutionProperties) = preSolution
		HideSolutionNode = FALSE
	EndGlobalSection
	GlobalSection(ExtensibilityGlobals) = postSolution
		SolutionGuid = {90D8050F-506F-4919-8FF2-3B89D24A4559}
	EndGlobalSection
EndGlobal
