
Microsoft Visual Studio Solution File, Format Version 12.00
# Visual Studio 15
VisualStudioVersion = 15.0.28307.539
MinimumVisualStudioVersion = 10.0.40219.1
Project("{FAE04EC0-301F-11D3-BF4B-00C04F79EFBC}") = "Readers_WPF", "Readers_WPF\Readers_WPF.csproj", "{DAFFA70A-2C57-43B3-9724-F931D63AA45A}"
EndProject
Project("{FAE04EC0-301F-11D3-BF4B-00C04F79EFBC}") = "EntityFramework_WPF", "EntityFramework_WPF\EntityFramework_WPF.csproj", "{F9C91861-49A8-45D1-8335-EC6C9B158C6D}"
EndProject
Global
	GlobalSection(SolutionConfigurationPlatforms) = preSolution
		Debug|Any CPU = Debug|Any CPU
		Release|Any CPU = Release|Any CPU
	EndGlobalSection
	GlobalSection(ProjectConfigurationPlatforms) = postSolution
		{DAFFA70A-2C57-43B3-9724-F931D63AA45A}.Debug|Any CPU.ActiveCfg = Debug|Any CPU
		{DAFFA70A-2C57-43B3-9724-F931D63AA45A}.Debug|Any CPU.Build.0 = Debug|Any CPU
		{DAFFA70A-2C57-43B3-9724-F931D63AA45A}.Release|Any CPU.ActiveCfg = Release|Any CPU
		{DAFFA70A-2C57-43B3-9724-F931D63AA45A}.Release|Any CPU.Build.0 = Release|Any CPU
		{F9C91861-49A8-45D1-8335-EC6C9B158C6D}.Debug|Any CPU.ActiveCfg = Debug|Any CPU
		{F9C91861-49A8-45D1-8335-EC6C9B158C6D}.Debug|Any CPU.Build.0 = Debug|Any CPU
		{F9C91861-49A8-45D1-8335-EC6C9B158C6D}.Release|Any CPU.ActiveCfg = Release|Any CPU
		{F9C91861-49A8-45D1-8335-EC6C9B158C6D}.Release|Any CPU.Build.0 = Release|Any CPU
	EndGlobalSection
	GlobalSection(SolutionProperties) = preSolution
		HideSolutionNode = FALSE
	EndGlobalSection
	GlobalSection(ExtensibilityGlobals) = postSolution
		SolutionGuid = {3DE09D8D-B121-42DE-9F92-6015B072A85C}
	EndGlobalSection
EndGlobal
