
Microsoft Visual Studio Solution File, Format Version 12.00
# Visual Studio 15
VisualStudioVersion = 15.0.28307.539
MinimumVisualStudioVersion = 10.0.40219.1
Project("{FAE04EC0-301F-11D3-BF4B-00C04F79EFBC}") = "Test1_Miani", "Test1_Miani\Test1_Miani.csproj", "{A292F18E-CD0E-4E8A-9BD4-5123A33CAFA6}"
EndProject
Global
	GlobalSection(SolutionConfigurationPlatforms) = preSolution
		Debug|Any CPU = Debug|Any CPU
		Release|Any CPU = Release|Any CPU
	EndGlobalSection
	GlobalSection(ProjectConfigurationPlatforms) = postSolution
		{A292F18E-CD0E-4E8A-9BD4-5123A33CAFA6}.Debug|Any CPU.ActiveCfg = Debug|Any CPU
		{A292F18E-CD0E-4E8A-9BD4-5123A33CAFA6}.Debug|Any CPU.Build.0 = Debug|Any CPU
		{A292F18E-CD0E-4E8A-9BD4-5123A33CAFA6}.Release|Any CPU.ActiveCfg = Release|Any CPU
		{A292F18E-CD0E-4E8A-9BD4-5123A33CAFA6}.Release|Any CPU.Build.0 = Release|Any CPU
	EndGlobalSection
	GlobalSection(SolutionProperties) = preSolution
		HideSolutionNode = FALSE
	EndGlobalSection
	GlobalSection(ExtensibilityGlobals) = postSolution
		SolutionGuid = {4C90D119-D541-4D98-A287-DC61B6ECFA49}
	EndGlobalSection
EndGlobal
