
Microsoft Visual Studio Solution File, Format Version 12.00
# Visual Studio 15
VisualStudioVersion = 15.0.28307.539
MinimumVisualStudioVersion = 10.0.40219.1
Project("{9A19103F-16F7-4668-BE54-9A1E7A4F7556}") = "DesignPattern_01", "DesignPattern_01\DesignPattern_01.csproj", "{0C86F3F8-9E49-45DE-8D6A-21E8663841F7}"
EndProject
Project("{9A19103F-16F7-4668-BE54-9A1E7A4F7556}") = "DP_02_Strategy", "DP_02_Strategy\DP_02_Strategy.csproj", "{77388374-84BA-4F9C-81C0-325AECF42432}"
EndProject
Project("{FAE04EC0-301F-11D3-BF4B-00C04F79EFBC}") = "DP_03_Template", "DP_03\DP_03_Template.csproj", "{FCCC5B2E-1351-4A9F-BFAA-61E3DB4C6BCF}"
EndProject
Global
	GlobalSection(SolutionConfigurationPlatforms) = preSolution
		Debug|Any CPU = Debug|Any CPU
		Release|Any CPU = Release|Any CPU
	EndGlobalSection
	GlobalSection(ProjectConfigurationPlatforms) = postSolution
		{0C86F3F8-9E49-45DE-8D6A-21E8663841F7}.Debug|Any CPU.ActiveCfg = Debug|Any CPU
		{0C86F3F8-9E49-45DE-8D6A-21E8663841F7}.Debug|Any CPU.Build.0 = Debug|Any CPU
		{0C86F3F8-9E49-45DE-8D6A-21E8663841F7}.Release|Any CPU.ActiveCfg = Release|Any CPU
		{0C86F3F8-9E49-45DE-8D6A-21E8663841F7}.Release|Any CPU.Build.0 = Release|Any CPU
		{77388374-84BA-4F9C-81C0-325AECF42432}.Debug|Any CPU.ActiveCfg = Debug|Any CPU
		{77388374-84BA-4F9C-81C0-325AECF42432}.Debug|Any CPU.Build.0 = Debug|Any CPU
		{77388374-84BA-4F9C-81C0-325AECF42432}.Release|Any CPU.ActiveCfg = Release|Any CPU
		{77388374-84BA-4F9C-81C0-325AECF42432}.Release|Any CPU.Build.0 = Release|Any CPU
		{FCCC5B2E-1351-4A9F-BFAA-61E3DB4C6BCF}.Debug|Any CPU.ActiveCfg = Debug|Any CPU
		{FCCC5B2E-1351-4A9F-BFAA-61E3DB4C6BCF}.Debug|Any CPU.Build.0 = Debug|Any CPU
		{FCCC5B2E-1351-4A9F-BFAA-61E3DB4C6BCF}.Release|Any CPU.ActiveCfg = Release|Any CPU
		{FCCC5B2E-1351-4A9F-BFAA-61E3DB4C6BCF}.Release|Any CPU.Build.0 = Release|Any CPU
	EndGlobalSection
	GlobalSection(SolutionProperties) = preSolution
		HideSolutionNode = FALSE
	EndGlobalSection
	GlobalSection(ExtensibilityGlobals) = postSolution
		SolutionGuid = {F89593A0-D4F0-4900-9DF9-41DF4AD60BE1}
	EndGlobalSection
EndGlobal
